
Microsoft Visual Studio Solution File, Format Version 12.00
# Visual Studio Version 16
VisualStudioVersion = 16.0.31229.75
MinimumVisualStudioVersion = 10.0.40219.1
Project("{FAE04EC0-301F-11D3-BF4B-00C04F79EFBC}") = "PrjRockPaperScissor", "PrjRockPaperScissor\PrjRockPaperScissor.csproj", "{A09F7878-B30C-4BF4-B083-12AA39F936BB}"
EndProject
Project("{FAE04EC0-301F-11D3-BF4B-00C04F79EFBC}") = "PrjRockPaperScissor.UnitTest", "PrjRockPaperScissor.UnitTest\PrjRockPaperScissor.UnitTest.csproj", "{DFB9DC99-4AC1-4BB0-8949-7865BFE52AA0}"
EndProject
Global
	GlobalSection(SolutionConfigurationPlatforms) = preSolution
		Debug|Any CPU = Debug|Any CPU
		Release|Any CPU = Release|Any CPU
	EndGlobalSection
	GlobalSection(ProjectConfigurationPlatforms) = postSolution
		{A09F7878-B30C-4BF4-B083-12AA39F936BB}.Debug|Any CPU.ActiveCfg = Debug|Any CPU
		{A09F7878-B30C-4BF4-B083-12AA39F936BB}.Debug|Any CPU.Build.0 = Debug|Any CPU
		{A09F7878-B30C-4BF4-B083-12AA39F936BB}.Release|Any CPU.ActiveCfg = Release|Any CPU
		{A09F7878-B30C-4BF4-B083-12AA39F936BB}.Release|Any CPU.Build.0 = Release|Any CPU
		{DFB9DC99-4AC1-4BB0-8949-7865BFE52AA0}.Debug|Any CPU.ActiveCfg = Debug|Any CPU
		{DFB9DC99-4AC1-4BB0-8949-7865BFE52AA0}.Debug|Any CPU.Build.0 = Debug|Any CPU
		{DFB9DC99-4AC1-4BB0-8949-7865BFE52AA0}.Release|Any CPU.ActiveCfg = Release|Any CPU
		{DFB9DC99-4AC1-4BB0-8949-7865BFE52AA0}.Release|Any CPU.Build.0 = Release|Any CPU
	EndGlobalSection
	GlobalSection(SolutionProperties) = preSolution
		HideSolutionNode = FALSE
	EndGlobalSection
	GlobalSection(ExtensibilityGlobals) = postSolution
		SolutionGuid = {82BE4A32-250A-4109-9700-E03045F10048}
	EndGlobalSection
EndGlobal
